
Microsoft Visual Studio Solution File, Format Version 12.00
# Visual Studio Version 16
VisualStudioVersion = 16.0.31911.196
MinimumVisualStudioVersion = 10.0.40219.1
Project("{9A19103F-16F7-4668-BE54-9A1E7A4F7556}") = "BackEnd", "BackEnd\BackEnd.csproj", "{9162D2E4-5995-407E-8701-772C825CD4AE}"
EndProject
Project("{FAE04EC0-301F-11D3-BF4B-00C04F79EFBC}") = "DAL", "DAL\DAL.csproj", "{E889CF01-080B-4F9A-B239-AE6714EE02FA}"
EndProject
Project("{FAE04EC0-301F-11D3-BF4B-00C04F79EFBC}") = "BLL", "BLL\BLL.csproj", "{64338E37-2DB8-4FBB-9022-D58401D34275}"
EndProject
Project("{FAE04EC0-301F-11D3-BF4B-00C04F79EFBC}") = "Common", "Common\Common.csproj", "{DBF98EE5-96EE-4D1E-A2F0-26CF8144517F}"
EndProject
Project("{FAE04EC0-301F-11D3-BF4B-00C04F79EFBC}") = "Domain", "Domain\Domain.csproj", "{1C324E7C-AF47-43EF-90BE-69FB61D36DBE}"
EndProject
Global
	GlobalSection(SolutionConfigurationPlatforms) = preSolution
		Debug|Any CPU = Debug|Any CPU
		Release|Any CPU = Release|Any CPU
	EndGlobalSection
	GlobalSection(ProjectConfigurationPlatforms) = postSolution
		{9162D2E4-5995-407E-8701-772C825CD4AE}.Debug|Any CPU.ActiveCfg = Debug|Any CPU
		{9162D2E4-5995-407E-8701-772C825CD4AE}.Debug|Any CPU.Build.0 = Debug|Any CPU
		{9162D2E4-5995-407E-8701-772C825CD4AE}.Release|Any CPU.ActiveCfg = Release|Any CPU
		{9162D2E4-5995-407E-8701-772C825CD4AE}.Release|Any CPU.Build.0 = Release|Any CPU
		{E889CF01-080B-4F9A-B239-AE6714EE02FA}.Debug|Any CPU.ActiveCfg = Debug|Any CPU
		{E889CF01-080B-4F9A-B239-AE6714EE02FA}.Debug|Any CPU.Build.0 = Debug|Any CPU
		{E889CF01-080B-4F9A-B239-AE6714EE02FA}.Release|Any CPU.ActiveCfg = Release|Any CPU
		{E889CF01-080B-4F9A-B239-AE6714EE02FA}.Release|Any CPU.Build.0 = Release|Any CPU
		{64338E37-2DB8-4FBB-9022-D58401D34275}.Debug|Any CPU.ActiveCfg = Debug|Any CPU
		{64338E37-2DB8-4FBB-9022-D58401D34275}.Debug|Any CPU.Build.0 = Debug|Any CPU
		{64338E37-2DB8-4FBB-9022-D58401D34275}.Release|Any CPU.ActiveCfg = Release|Any CPU
		{64338E37-2DB8-4FBB-9022-D58401D34275}.Release|Any CPU.Build.0 = Release|Any CPU
		{DBF98EE5-96EE-4D1E-A2F0-26CF8144517F}.Debug|Any CPU.ActiveCfg = Debug|Any CPU
		{DBF98EE5-96EE-4D1E-A2F0-26CF8144517F}.Debug|Any CPU.Build.0 = Debug|Any CPU
		{DBF98EE5-96EE-4D1E-A2F0-26CF8144517F}.Release|Any CPU.ActiveCfg = Release|Any CPU
		{DBF98EE5-96EE-4D1E-A2F0-26CF8144517F}.Release|Any CPU.Build.0 = Release|Any CPU
		{1C324E7C-AF47-43EF-90BE-69FB61D36DBE}.Debug|Any CPU.ActiveCfg = Debug|Any CPU
		{1C324E7C-AF47-43EF-90BE-69FB61D36DBE}.Debug|Any CPU.Build.0 = Debug|Any CPU
		{1C324E7C-AF47-43EF-90BE-69FB61D36DBE}.Release|Any CPU.ActiveCfg = Release|Any CPU
		{1C324E7C-AF47-43EF-90BE-69FB61D36DBE}.Release|Any CPU.Build.0 = Release|Any CPU
	EndGlobalSection
	GlobalSection(SolutionProperties) = preSolution
		HideSolutionNode = FALSE
	EndGlobalSection
	GlobalSection(ExtensibilityGlobals) = postSolution
		SolutionGuid = {47C47E3F-640A-46BF-94C0-325C4CB73B60}
	EndGlobalSection
EndGlobal
